
Microsoft Visual Studio Solution File, Format Version 12.00
# Visual Studio Version 16
VisualStudioVersion = 16.0.30523.141
MinimumVisualStudioVersion = 10.0.40219.1
Project("{9A19103F-16F7-4668-BE54-9A1E7A4F7556}") = "REST2ICAP", "REST2ICAP.csproj", "{9C1F5B15-6232-4DFA-A328-59C770A26C8E}"
EndProject
Global
	GlobalSection(SolutionConfigurationPlatforms) = preSolution
		Debug|Any CPU = Debug|Any CPU
		Release|Any CPU = Release|Any CPU
	EndGlobalSection
	GlobalSection(ProjectConfigurationPlatforms) = postSolution
		{9C1F5B15-6232-4DFA-A328-59C770A26C8E}.Debug|Any CPU.ActiveCfg = Release|Any CPU
		{9C1F5B15-6232-4DFA-A328-59C770A26C8E}.Debug|Any CPU.Build.0 = Release|Any CPU
		{9C1F5B15-6232-4DFA-A328-59C770A26C8E}.Release|Any CPU.ActiveCfg = Release|Any CPU
		{9C1F5B15-6232-4DFA-A328-59C770A26C8E}.Release|Any CPU.Build.0 = Release|Any CPU
	EndGlobalSection
	GlobalSection(SolutionProperties) = preSolution
		HideSolutionNode = FALSE
	EndGlobalSection
	GlobalSection(ExtensibilityGlobals) = postSolution
		SolutionGuid = {D9F22EC7-846C-48D2-ADA5-D5DEFE615814}
	EndGlobalSection
EndGlobal
